# This file is automatically @generated by Cargo.
# It is not intended for manual editing.
version = 3

[[package]]
name = "decode_ways"
version = "0.1.0"

[[package]]
name = "longest_palindromic_substring"
version = "0.1.0"

[[package]]
name = "maximum_product_subarray"
version = "0.1.0"

[[package]]
name = "unique_path"
version = "0.1.0"
